
Microsoft Visual Studio Solution File, Format Version 12.00
# Visual Studio Version 17
VisualStudioVersion = 17.4.33205.214
MinimumVisualStudioVersion = 10.0.40219.1
Project("{9A19103F-16F7-4668-BE54-9A1E7A4F7556}") = "MTFO", "MTFO\MTFO.csproj", "{36EFE303-E896-4042-8C58-F49BB19AA265}"
EndProject
Global
	GlobalSection(SolutionConfigurationPlatforms) = preSolution
		Debug|x64 = Debug|x64
		Release|x64 = Release|x64
	EndGlobalSection
	GlobalSection(ProjectConfigurationPlatforms) = postSolution
		{36EFE303-E896-4042-8C58-F49BB19AA265}.Debug|x64.ActiveCfg = Debug|x64
		{36EFE303-E896-4042-8C58-F49BB19AA265}.Debug|x64.Build.0 = Debug|x64
		{36EFE303-E896-4042-8C58-F49BB19AA265}.Release|x64.ActiveCfg = Release|x64
		{36EFE303-E896-4042-8C58-F49BB19AA265}.Release|x64.Build.0 = Release|x64
	EndGlobalSection
	GlobalSection(SolutionProperties) = preSolution
		HideSolutionNode = FALSE
	EndGlobalSection
	GlobalSection(ExtensibilityGlobals) = postSolution
		SolutionGuid = {D1FFC6C2-0362-4AB3-8D8F-512F3960EDDC}
	EndGlobalSection
EndGlobal
